// !$*UTF8*$!
{
	archiveVersion = 1;
	classes = {
	};
	objectVersion = 46;
	objects = {

/* Begin PBXBuildFile section */
		28F788E11E29E502009E00AC /* Mouse.swift in Sources */ = {isa = PBXBuildFile; fileRef = 28F788E01E29E502009E00AC /* Mouse.swift */; };
		28F788E31E29F25B009E00AC /* AXElement.swift in Sources */ = {isa = PBXBuildFile; fileRef = 28F788E21E29F25B009E00AC /* AXElement.swift */; };
		5E4A8B581E066E4900E4A55F /* AppDelegate.swift in Sources */ = {isa = PBXBuildFile; fileRef = 5E4A8B571E066E4900E4A55F /* AppDelegate.swift */; };
		5E4A8B5A1E066E4900E4A55F /* ViewController.swift in Sources */ = {isa = PBXBuildFile; fileRef = 5E4A8B591E066E4900E4A55F /* ViewController.swift */; };
		5E4A8B5C1E066E4900E4A55F /* Assets.xcassets in Resources */ = {isa = PBXBuildFile; fileRef = 5E4A8B5B1E066E4900E4A55F /* Assets.xcassets */; };
		5E4A8B5F1E066E4900E4A55F /* Main.storyboard in Resources */ = {isa = PBXBuildFile; fileRef = 5E4A8B5D1E066E4900E4A55F /* Main.storyboard */; };
		5E4A8B6A1E066E4900E4A55F /* fix_desktop_switching_appTests.swift in Sources */ = {isa = PBXBuildFile; fileRef = 5E4A8B691E066E4900E4A55F /* fix_desktop_switching_appTests.swift */; };
		5E4A8B751E066E4900E4A55F /* fix_desktop_switching_appUITests.swift in Sources */ = {isa = PBXBuildFile; fileRef = 5E4A8B741E066E4900E4A55F /* fix_desktop_switching_appUITests.swift */; };
/* End PBXBuildFile section */

/* Begin PBXContainerItemProxy section */
		5E4A8B661E066E4900E4A55F /* PBXContainerItemProxy */ = {
			isa = PBXContainerItemProxy;
			containerPortal = 5E4A8B4C1E066E4900E4A55F /* Project object */;
			proxyType = 1;
			remoteGlobalIDString = 5E4A8B531E066E4900E4A55F;
			remoteInfo = "fix-desktop-switching-app";
		};
		5E4A8B711E066E4900E4A55F /* PBXContainerItemProxy */ = {
			isa = PBXContainerItemProxy;
			containerPortal = 5E4A8B4C1E066E4900E4A55F /* Project object */;
			proxyType = 1;
			remoteGlobalIDString = 5E4A8B531E066E4900E4A55F;
			remoteInfo = "fix-desktop-switching-app";
		};
/* End PBXContainerItemProxy section */

/* Begin PBXFileReference section */
		28F788E01E29E502009E00AC /* Mouse.swift */ = {isa = PBXFileReference; fileEncoding = 4; lastKnownFileType = sourcecode.swift; path = Mouse.swift; sourceTree = "<group>"; };
		28F788E21E29F25B009E00AC /* AXElement.swift */ = {isa = PBXFileReference; fileEncoding = 4; lastKnownFileType = sourcecode.swift; path = AXElement.swift; sourceTree = "<group>"; };
		5E4A8B541E066E4900E4A55F /* fix-desktop-switching-app.app */ = {isa = PBXFileReference; explicitFileType = wrapper.application; includeInIndex = 0; path = "fix-desktop-switching-app.app"; sourceTree = BUILT_PRODUCTS_DIR; };
		5E4A8B571E066E4900E4A55F /* AppDelegate.swift */ = {isa = PBXFileReference; lastKnownFileType = sourcecode.swift; path = AppDelegate.swift; sourceTree = "<group>"; };
		5E4A8B591E066E4900E4A55F /* ViewController.swift */ = {isa = PBXFileReference; lastKnownFileType = sourcecode.swift; path = ViewController.swift; sourceTree = "<group>"; };
		5E4A8B5B1E066E4900E4A55F /* Assets.xcassets */ = {isa = PBXFileReference; lastKnownFileType = folder.assetcatalog; path = Assets.xcassets; sourceTree = "<group>"; };
		5E4A8B5E1E066E4900E4A55F /* Base */ = {isa = PBXFileReference; lastKnownFileType = file.storyboard; name = Base; path = Base.lproj/Main.storyboard; sourceTree = "<group>"; };
		5E4A8B601E066E4900E4A55F /* Info.plist */ = {isa = PBXFileReference; lastKnownFileType = text.plist.xml; path = Info.plist; sourceTree = "<group>"; };
		5E4A8B651E066E4900E4A55F /* fix-desktop-switching-appTests.xctest */ = {isa = PBXFileReference; explicitFileType = wrapper.cfbundle; includeInIndex = 0; path = "fix-desktop-switching-appTests.xctest"; sourceTree = BUILT_PRODUCTS_DIR; };
		5E4A8B691E066E4900E4A55F /* fix_desktop_switching_appTests.swift */ = {isa = PBXFileReference; lastKnownFileType = sourcecode.swift; path = fix_desktop_switching_appTests.swift; sourceTree = "<group>"; };
		5E4A8B6B1E066E4900E4A55F /* Info.plist */ = {isa = PBXFileReference; lastKnownFileType = text.plist.xml; path = Info.plist; sourceTree = "<group>"; };
		5E4A8B701E066E4900E4A55F /* fix-desktop-switching-appUITests.xctest */ = {isa = PBXFileReference; explicitFileType = wrapper.cfbundle; includeInIndex = 0; path = "fix-desktop-switching-appUITests.xctest"; sourceTree = BUILT_PRODUCTS_DIR; };
		5E4A8B741E066E4900E4A55F /* fix_desktop_switching_appUITests.swift */ = {isa = PBXFileReference; lastKnownFileType = sourcecode.swift; path = fix_desktop_switching_appUITests.swift; sourceTree = "<group>"; };
		5E4A8B761E066E4900E4A55F /* Info.plist */ = {isa = PBXFileReference; lastKnownFileType = text.plist.xml; path = Info.plist; sourceTree = "<group>"; };
/* End PBXFileReference section */

/* Begin PBXFrameworksBuildPhase section */
		5E4A8B511E066E4900E4A55F /* Frameworks */ = {
			isa = PBXFrameworksBuildPhase;
			buildActionMask = 2147483647;
			files = (
			);
			runOnlyForDeploymentPostprocessing = 0;
		};
		5E4A8B621E066E4900E4A55F /* Frameworks */ = {
			isa = PBXFrameworksBuildPhase;
			buildActionMask = 2147483647;
			files = (
			);
			runOnlyForDeploymentPostprocessing = 0;
		};
		5E4A8B6D1E066E4900E4A55F /* Frameworks */ = {
			isa = PBXFrameworksBuildPhase;
			buildActionMask = 2147483647;
			files = (
			);
			runOnlyForDeploymentPostprocessing = 0;
		};
/* End PBXFrameworksBuildPhase section */

/* Begin PBXGroup section */
		5E4A8B4B1E066E4900E4A55F = {
			isa = PBXGroup;
			children = (
				5E4A8B561E066E4900E4A55F /* fix-desktop-switching-app */,
				5E4A8B681E066E4900E4A55F /* fix-desktop-switching-appTests */,
				5E4A8B731E066E4900E4A55F /* fix-desktop-switching-appUITests */,
				5E4A8B551E066E4900E4A55F /* Products */,
			);
			sourceTree = "<group>";
		};
		5E4A8B551E066E4900E4A55F /* Products */ = {
			isa = PBXGroup;
			children = (
				5E4A8B541E066E4900E4A55F /* fix-desktop-switching-app.app */,
				5E4A8B651E066E4900E4A55F /* fix-desktop-switching-appTests.xctest */,
				5E4A8B701E066E4900E4A55F /* fix-desktop-switching-appUITests.xctest */,
			);
			name = Products;
			sourceTree = "<group>";
		};
		5E4A8B561E066E4900E4A55F /* fix-desktop-switching-app */ = {
			isa = PBXGroup;
			children = (
				5E4A8B571E066E4900E4A55F /* AppDelegate.swift */,
				5E4A8B591E066E4900E4A55F /* ViewController.swift */,
				5E4A8B5B1E066E4900E4A55F /* Assets.xcassets */,
				5E4A8B5D1E066E4900E4A55F /* Main.storyboard */,
				5E4A8B601E066E4900E4A55F /* Info.plist */,
				28F788E01E29E502009E00AC /* Mouse.swift */,
				28F788E21E29F25B009E00AC /* AXElement.swift */,
			);
			path = "fix-desktop-switching-app";
			sourceTree = "<group>";
		};
		5E4A8B681E066E4900E4A55F /* fix-desktop-switching-appTests */ = {
			isa = PBXGroup;
			children = (
				5E4A8B691E066E4900E4A55F /* fix_desktop_switching_appTests.swift */,
				5E4A8B6B1E066E4900E4A55F /* Info.plist */,
			);
			path = "fix-desktop-switching-appTests";
			sourceTree = "<group>";
		};
		5E4A8B731E066E4900E4A55F /* fix-desktop-switching-appUITests */ = {
			isa = PBXGroup;
			children = (
				5E4A8B741E066E4900E4A55F /* fix_desktop_switching_appUITests.swift */,
				5E4A8B761E066E4900E4A55F /* Info.plist */,
			);
			path = "fix-desktop-switching-appUITests";
			sourceTree = "<group>";
		};
/* End PBXGroup section */

/* Begin PBXNativeTarget section */
		5E4A8B531E066E4900E4A55F /* fix-desktop-switching-app */ = {
			isa = PBXNativeTarget;
			buildConfigurationList = 5E4A8B791E066E4900E4A55F /* Build configuration list for PBXNativeTarget "fix-desktop-switching-app" */;
			buildPhases = (
				5E4A8B501E066E4900E4A55F /* Sources */,
				5E4A8B511E066E4900E4A55F /* Frameworks */,
				5E4A8B521E066E4900E4A55F /* Resources */,
			);
			buildRules = (
			);
			dependencies = (
			);
			name = "fix-desktop-switching-app";
			productName = "fix-desktop-switching-app";
			productReference = 5E4A8B541E066E4900E4A55F /* fix-desktop-switching-app.app */;
			productType = "com.apple.product-type.application";
		};
		5E4A8B641E066E4900E4A55F /* fix-desktop-switching-appTests */ = {
			isa = PBXNativeTarget;
			buildConfigurationList = 5E4A8B7C1E066E4900E4A55F /* Build configuration list for PBXNativeTarget "fix-desktop-switching-appTests" */;
			buildPhases = (
				5E4A8B611E066E4900E4A55F /* Sources */,
				5E4A8B621E066E4900E4A55F /* Frameworks */,
				5E4A8B631E066E4900E4A55F /* Resources */,
			);
			buildRules = (
			);
			dependencies = (
				5E4A8B671E066E4900E4A55F /* PBXTargetDependency */,
			);
			name = "fix-desktop-switching-appTests";
			productName = "fix-desktop-switching-appTests";
			productReference = 5E4A8B651E066E4900E4A55F /* fix-desktop-switching-appTests.xctest */;
			productType = "com.apple.product-type.bundle.unit-test";
		};
		5E4A8B6F1E066E4900E4A55F /* fix-desktop-switching-appUITests */ = {
			isa = PBXNativeTarget;
			buildConfigurationList = 5E4A8B7F1E066E4900E4A55F /* Build configuration list for PBXNativeTarget "fix-desktop-switching-appUITests" */;
			buildPhases = (
				5E4A8B6C1E066E4900E4A55F /* Sources */,
				5E4A8B6D1E066E4900E4A55F /* Frameworks */,
				5E4A8B6E1E066E4900E4A55F /* Resources */,
			);
			buildRules = (
			);
			dependencies = (
				5E4A8B721E066E4900E4A55F /* PBXTargetDependency */,
			);
			name = "fix-desktop-switching-appUITests";
			productName = "fix-desktop-switching-appUITests";
			productReference = 5E4A8B701E066E4900E4A55F /* fix-desktop-switching-appUITests.xctest */;
			productType = "com.apple.product-type.bundle.ui-testing";
		};
/* End PBXNativeTarget section */

/* Begin PBXProject section */
		5E4A8B4C1E066E4900E4A55F /* Project object */ = {
			isa = PBXProject;
			attributes = {
				LastSwiftUpdateCheck = 0810;
				LastUpgradeCheck = 0810;
				ORGANIZATIONNAME = "Tony and Bella";
				TargetAttributes = {
					5E4A8B531E066E4900E4A55F = {
						CreatedOnToolsVersion = 8.1;
						ProvisioningStyle = Automatic;
					};
					5E4A8B641E066E4900E4A55F = {
						CreatedOnToolsVersion = 8.1;
						ProvisioningStyle = Automatic;
						TestTargetID = 5E4A8B531E066E4900E4A55F;
					};
					5E4A8B6F1E066E4900E4A55F = {
						CreatedOnToolsVersion = 8.1;
						ProvisioningStyle = Automatic;
						TestTargetID = 5E4A8B531E066E4900E4A55F;
					};
				};
			};
			buildConfigurationList = 5E4A8B4F1E066E4900E4A55F /* Build configuration list for PBXProject "fix-desktop-switching-app" */;
			compatibilityVersion = "Xcode 3.2";
			developmentRegion = English;
			hasScannedForEncodings = 0;
			knownRegions = (
				en,
				Base,
			);
			mainGroup = 5E4A8B4B1E066E4900E4A55F;
			productRefGroup = 5E4A8B551E066E4900E4A55F /* Products */;
			projectDirPath = "";
			projectRoot = "";
			targets = (
				5E4A8B531E066E4900E4A55F /* fix-desktop-switching-app */,
				5E4A8B641E066E4900E4A55F /* fix-desktop-switching-appTests */,
				5E4A8B6F1E066E4900E4A55F /* fix-desktop-switching-appUITests */,
			);
		};
/* End PBXProject section */

/* Begin PBXResourcesBuildPhase section */
		5E4A8B521E066E4900E4A55F /* Resources */ = {
			isa = PBXResourcesBuildPhase;
			buildActionMask = 2147483647;
			files = (
				5E4A8B5C1E066E4900E4A55F /* Assets.xcassets in Resources */,
				5E4A8B5F1E066E4900E4A55F /* Main.storyboard in Resources */,
			);
			runOnlyForDeploymentPostprocessing = 0;
		};
		5E4A8B631E066E4900E4A55F /* Resources */ = {
			isa = PBXResourcesBuildPhase;
			buildActionMask = 2147483647;
			files = (
			);
			runOnlyForDeploymentPostprocessing = 0;
		};
		5E4A8B6E1E066E4900E4A55F /* Resources */ = {
			isa = PBXResourcesBuildPhase;
			buildActionMask = 2147483647;
			files = (
			);
			runOnlyForDeploymentPostprocessing = 0;
		};
/* End PBXResourcesBuildPhase section */

/* Begin PBXSourcesBuildPhase section */
		5E4A8B501E066E4900E4A55F /* Sources */ = {
			isa = PBXSourcesBuildPhase;
			buildActionMask = 2147483647;
			files = (
				5E4A8B5A1E066E4900E4A55F /* ViewController.swift in Sources */,
				28F788E31E29F25B009E00AC /* AXElement.swift in Sources */,
				28F788E11E29E502009E00AC /* Mouse.swift in Sources */,
				5E4A8B581E066E4900E4A55F /* AppDelegate.swift in Sources */,
			);
			runOnlyForDeploymentPostprocessing = 0;
		};
		5E4A8B611E066E4900E4A55F /* Sources */ = {
			isa = PBXSourcesBuildPhase;
			buildActionMask = 2147483647;
			files = (
				5E4A8B6A1E066E4900E4A55F /* fix_desktop_switching_appTests.swift in Sources */,
			);
			runOnlyForDeploymentPostprocessing = 0;
		};
		5E4A8B6C1E066E4900E4A55F /* Sources */ = {
			isa = PBXSourcesBuildPhase;
			buildActionMask = 2147483647;
			files = (
				5E4A8B751E066E4900E4A55F /* fix_desktop_switching_appUITests.swift in Sources */,
			);
			runOnlyForDeploymentPostprocessing = 0;
		};
/* End PBXSourcesBuildPhase section */

/* Begin PBXTargetDependency section */
		5E4A8B671E066E4900E4A55F /* PBXTargetDependency */ = {
			isa = PBXTargetDependency;
			target = 5E4A8B531E066E4900E4A55F /* fix-desktop-switching-app */;
			targetProxy = 5E4A8B661E066E4900E4A55F /* PBXContainerItemProxy */;
		};
		5E4A8B721E066E4900E4A55F /* PBXTargetDependency */ = {
			isa = PBXTargetDependency;
			target = 5E4A8B531E066E4900E4A55F /* fix-desktop-switching-app */;
			targetProxy = 5E4A8B711E066E4900E4A55F /* PBXContainerItemProxy */;
		};
/* End PBXTargetDependency section */

/* Begin PBXVariantGroup section */
		5E4A8B5D1E066E4900E4A55F /* Main.storyboard */ = {
			isa = PBXVariantGroup;
			children = (
				5E4A8B5E1E066E4900E4A55F /* Base */,
			);
			name = Main.storyboard;
			sourceTree = "<group>";
		};
/* End PBXVariantGroup section */

/* Begin XCBuildConfiguration section */
		5E4A8B771E066E4900E4A55F /* Debug */ = {
			isa = XCBuildConfiguration;
			buildSettings = {
				ALWAYS_SEARCH_USER_PATHS = NO;
				CLANG_ANALYZER_NONNULL = YES;
				CLANG_CXX_LANGUAGE_STANDARD = "gnu++0x";
				CLANG_CXX_LIBRARY = "libc++";
				CLANG_ENABLE_MODULES = YES;
				CLANG_ENABLE_OBJC_ARC = YES;
				CLANG_WARN_BOOL_CONVERSION = YES;
				CLANG_WARN_CONSTANT_CONVERSION = YES;
				CLANG_WARN_DIRECT_OBJC_ISA_USAGE = YES_ERROR;
				CLANG_WARN_DOCUMENTATION_COMMENTS = YES;
				CLANG_WARN_EMPTY_BODY = YES;
				CLANG_WARN_ENUM_CONVERSION = YES;
				CLANG_WARN_INFINITE_RECURSION = YES;
				CLANG_WARN_INT_CONVERSION = YES;
				CLANG_WARN_OBJC_ROOT_CLASS = YES_ERROR;
				CLANG_WARN_SUSPICIOUS_MOVES = YES;
				CLANG_WARN_UNREACHABLE_CODE = YES;
				CLANG_WARN__DUPLICATE_METHOD_MATCH = YES;
				CODE_SIGN_IDENTITY = "-";
				COPY_PHASE_STRIP = NO;
				DEBUG_INFORMATION_FORMAT = dwarf;
				ENABLE_STRICT_OBJC_MSGSEND = YES;
				ENABLE_TESTABILITY = YES;
				GCC_C_LANGUAGE_STANDARD = gnu99;
				GCC_DYNAMIC_NO_PIC = NO;
				GCC_NO_COMMON_BLOCKS = YES;
				GCC_OPTIMIZATION_LEVEL = 0;
				GCC_PREPROCESSOR_DEFINITIONS = (
					"DEBUG=1",
					"$(inherited)",
				);
				GCC_WARN_64_TO_32_BIT_CONVERSION = YES;
				GCC_WARN_ABOUT_RETURN_TYPE = YES_ERROR;
				GCC_WARN_UNDECLARED_SELECTOR = YES;
				GCC_WARN_UNINITIALIZED_AUTOS = YES_AGGRESSIVE;
				GCC_WARN_UNUSED_FUNCTION = YES;
				GCC_WARN_UNUSED_VARIABLE = YES;
				MACOSX_DEPLOYMENT_TARGET = 10.12;
				MTL_ENABLE_DEBUG_INFO = YES;
				ONLY_ACTIVE_ARCH = YES;
				SDKROOT = macosx;
				SWIFT_ACTIVE_COMPILATION_CONDITIONS = DEBUG;
				SWIFT_OPTIMIZATION_LEVEL = "-Onone";
			};
			name = Debug;
		};
		5E4A8B781E066E4900E4A55F /* Release */ = {
			isa = XCBuildConfiguration;
			buildSettings = {
				ALWAYS_SEARCH_USER_PATHS = NO;
				CLANG_ANALYZER_NONNULL = YES;
				CLANG_CXX_LANGUAGE_STANDARD = "gnu++0x";
				CLANG_CXX_LIBRARY = "libc++";
				CLANG_ENABLE_MODULES = YES;
				CLANG_ENABLE_OBJC_ARC = YES;
				CLANG_WARN_BOOL_CONVERSION = YES;
				CLANG_WARN_CONSTANT_CONVERSION = YES;
				CLANG_WARN_DIRECT_OBJC_ISA_USAGE = YES_ERROR;
				CLANG_WARN_DOCUMENTATION_COMMENTS = YES;
				CLANG_WARN_EMPTY_BODY = YES;
				CLANG_WARN_ENUM_CONVERSION = YES;
				CLANG_WARN_INFINITE_RECURSION = YES;
				CLANG_WARN_INT_CONVERSION = YES;
				CLANG_WARN_OBJC_ROOT_CLASS = YES_ERROR;
				CLANG_WARN_SUSPICIOUS_MOVES = YES;
				CLANG_WARN_UNREACHABLE_CODE = YES;
				CLANG_WARN__DUPLICATE_METHOD_MATCH = YES;
				CODE_SIGN_IDENTITY = "-";
				COPY_PHASE_STRIP = NO;
				DEBUG_INFORMATION_FORMAT = "dwarf-with-dsym";
				ENABLE_NS_ASSERTIONS = NO;
				ENABLE_STRICT_OBJC_MSGSEND = YES;
				GCC_C_LANGUAGE_STANDARD = gnu99;
				GCC_NO_COMMON_BLOCKS = YES;
				GCC_WARN_64_TO_32_BIT_CONVERSION = YES;
				GCC_WARN_ABOUT_RETURN_TYPE = YES_ERROR;
				GCC_WARN_UNDECLARED_SELECTOR = YES;
				GCC_WARN_UNINITIALIZED_AUTOS = YES_AGGRESSIVE;
				GCC_WARN_UNUSED_FUNCTION = YES;
				GCC_WARN_UNUSED_VARIABLE = YES;
				MACOSX_DEPLOYMENT_TARGET = 10.12;
				MTL_ENABLE_DEBUG_INFO = NO;
				SDKROOT = macosx;
				SWIFT_OPTIMIZATION_LEVEL = "-Owholemodule";
			};
			name = Release;
		};
		5E4A8B7A1E066E4900E4A55F /* Debug */ = {
			isa = XCBuildConfiguration;
			buildSettings = {
				ASSETCATALOG_COMPILER_APPICON_NAME = AppIcon;
				COMBINE_HIDPI_IMAGES = YES;
				INFOPLIST_FILE = "fix-desktop-switching-app/Info.plist";
				LD_RUNPATH_SEARCH_PATHS = "$(inherited) @executable_path/../Frameworks";
				PRODUCT_BUNDLE_IDENTIFIER = "com.tonyandbella.fix-desktop-switching-app";
				PRODUCT_NAME = "$(TARGET_NAME)";
				SWIFT_VERSION = 3.0;
			};
			name = Debug;
		};
		5E4A8B7B1E066E4900E4A55F /* Release */ = {
			isa = XCBuildConfiguration;
			buildSettings = {
				ASSETCATALOG_COMPILER_APPICON_NAME = AppIcon;
				COMBINE_HIDPI_IMAGES = YES;
				INFOPLIST_FILE = "fix-desktop-switching-app/Info.plist";
				LD_RUNPATH_SEARCH_PATHS = "$(inherited) @executable_path/../Frameworks";
				PRODUCT_BUNDLE_IDENTIFIER = "com.tonyandbella.fix-desktop-switching-app";
				PRODUCT_NAME = "$(TARGET_NAME)";
				SWIFT_VERSION = 3.0;
			};
			name = Release;
		};
		5E4A8B7D1E066E4900E4A55F /* Debug */ = {
			isa = XCBuildConfiguration;
			buildSettings = {
				ALWAYS_EMBED_SWIFT_STANDARD_LIBRARIES = YES;
				BUNDLE_LOADER = "$(TEST_HOST)";
				COMBINE_HIDPI_IMAGES = YES;
				INFOPLIST_FILE = "fix-desktop-switching-appTests/Info.plist";
				LD_RUNPATH_SEARCH_PATHS = "$(inherited) @executable_path/../Frameworks @loader_path/../Frameworks";
				PRODUCT_BUNDLE_IDENTIFIER = "com.tonyandbella.fix-desktop-switching-appTests";
				PRODUCT_NAME = "$(TARGET_NAME)";
				SWIFT_VERSION = 3.0;
				TEST_HOST = "$(BUILT_PRODUCTS_DIR)/fix-desktop-switching-app.app/Contents/MacOS/fix-desktop-switching-app";
			};
			name = Debug;
		};
		5E4A8B7E1E066E4900E4A55F /* Release */ = {
			isa = XCBuildConfiguration;
			buildSettings = {
				ALWAYS_EMBED_SWIFT_STANDARD_LIBRARIES = YES;
				BUNDLE_LOADER = "$(TEST_HOST)";
				COMBINE_HIDPI_IMAGES = YES;
				INFOPLIST_FILE = "fix-desktop-switching-appTests/Info.plist";
				LD_RUNPATH_SEARCH_PATHS = "$(inherited) @executable_path/../Frameworks @loader_path/../Frameworks";
				PRODUCT_BUNDLE_IDENTIFIER = "com.tonyandbella.fix-desktop-switching-appTests";
				PRODUCT_NAME = "$(TARGET_NAME)";
				SWIFT_VERSION = 3.0;
				TEST_HOST = "$(BUILT_PRODUCTS_DIR)/fix-desktop-switching-app.app/Contents/MacOS/fix-desktop-switching-app";
			};
			name = Release;
		};
		5E4A8B801E066E4900E4A55F /* Debug */ = {
			isa = XCBuildConfiguration;
			buildSettings = {
				ALWAYS_EMBED_SWIFT_STANDARD_LIBRARIES = YES;
				COMBINE_HIDPI_IMAGES = YES;
				INFOPLIST_FILE = "fix-desktop-switching-appUITests/Info.plist";
				LD_RUNPATH_SEARCH_PATHS = "$(inherited) @executable_path/../Frameworks @loader_path/../Frameworks";
				PRODUCT_BUNDLE_IDENTIFIER = "com.tonyandbella.fix-desktop-switching-appUITests";
				PRODUCT_NAME = "$(TARGET_NAME)";
				SWIFT_VERSION = 3.0;
				TEST_TARGET_NAME = "fix-desktop-switching-app";
			};
			name = Debug;
		};
		5E4A8B811E066E4900E4A55F /* Release */ = {
			isa = XCBuildConfiguration;
			buildSettings = {
				ALWAYS_EMBED_SWIFT_STANDARD_LIBRARIES = YES;
				COMBINE_HIDPI_IMAGES = YES;
				INFOPLIST_FILE = "fix-desktop-switching-appUITests/Info.plist";
				LD_RUNPATH_SEARCH_PATHS = "$(inherited) @executable_path/../Frameworks @loader_path/../Frameworks";
				PRODUCT_BUNDLE_IDENTIFIER = "com.tonyandbella.fix-desktop-switching-appUITests";
				PRODUCT_NAME = "$(TARGET_NAME)";
				SWIFT_VERSION = 3.0;
				TEST_TARGET_NAME = "fix-desktop-switching-app";
			};
			name = Release;
		};
/* End XCBuildConfiguration section */

/* Begin XCConfigurationList section */
		5E4A8B4F1E066E4900E4A55F /* Build configuration list for PBXProject "fix-desktop-switching-app" */ = {
			isa = XCConfigurationList;
			buildConfigurations = (
				5E4A8B771E066E4900E4A55F /* Debug */,
				5E4A8B781E066E4900E4A55F /* Release */,
			);
			defaultConfigurationIsVisible = 0;
			defaultConfigurationName = Release;
		};
		5E4A8B791E066E4900E4A55F /* Build configuration list for PBXNativeTarget "fix-desktop-switching-app" */ = {
			isa = XCConfigurationList;
			buildConfigurations = (
				5E4A8B7A1E066E4900E4A55F /* Debug */,
				5E4A8B7B1E066E4900E4A55F /* Release */,
			);
			defaultConfigurationIsVisible = 0;
			defaultConfigurationName = Release;
		};
		5E4A8B7C1E066E4900E4A55F /* Build configuration list for PBXNativeTarget "fix-desktop-switching-appTests" */ = {
			isa = XCConfigurationList;
			buildConfigurations = (
				5E4A8B7D1E066E4900E4A55F /* Debug */,
				5E4A8B7E1E066E4900E4A55F /* Release */,
			);
			defaultConfigurationIsVisible = 0;
			defaultConfigurationName = Release;
		};
		5E4A8B7F1E066E4900E4A55F /* Build configuration list for PBXNativeTarget "fix-desktop-switching-appUITests" */ = {
			isa = XCConfigurationList;
			buildConfigurations = (
				5E4A8B801E066E4900E4A55F /* Debug */,
				5E4A8B811E066E4900E4A55F /* Release */,
			);
			defaultConfigurationIsVisible = 0;
			defaultConfigurationName = Release;
		};
/* End XCConfigurationList section */
	};
	rootObject = 5E4A8B4C1E066E4900E4A55F /* Project object */;
}
